
Microsoft Visual Studio Solution File, Format Version 12.00
# Visual Studio Version 17
VisualStudioVersion = 17.14.36717.8 d17.14
MinimumVisualStudioVersion = 10.0.40219.1
Project("{FAE04EC0-301F-11D3-BF4B-00C04F79EFBC}") = "4", "4\4.csproj", "{EFD84A2B-8153-4CCE-865D-2B85C4C4D50D}"
EndProject
Global
	GlobalSection(SolutionConfigurationPlatforms) = preSolution
		Debug|Any CPU = Debug|Any CPU
		Release|Any CPU = Release|Any CPU
	EndGlobalSection
	GlobalSection(ProjectConfigurationPlatforms) = postSolution
		{EFD84A2B-8153-4CCE-865D-2B85C4C4D50D}.Debug|Any CPU.ActiveCfg = Debug|Any CPU
		{EFD84A2B-8153-4CCE-865D-2B85C4C4D50D}.Debug|Any CPU.Build.0 = Debug|Any CPU
		{EFD84A2B-8153-4CCE-865D-2B85C4C4D50D}.Release|Any CPU.ActiveCfg = Release|Any CPU
		{EFD84A2B-8153-4CCE-865D-2B85C4C4D50D}.Release|Any CPU.Build.0 = Release|Any CPU
	EndGlobalSection
	GlobalSection(SolutionProperties) = preSolution
		HideSolutionNode = FALSE
	EndGlobalSection
	GlobalSection(ExtensibilityGlobals) = postSolution
		SolutionGuid = {785334AF-5332-48AF-9F32-608A5EB82F8D}
	EndGlobalSection
EndGlobal
